
Microsoft Visual Studio Solution File, Format Version 12.00
# Visual Studio 15
VisualStudioVersion = 15.0.27130.2026
MinimumVisualStudioVersion = 10.0.40219.1
Project("{FAE04EC0-301F-11D3-BF4B-00C04F79EFBC}") = "Demo_Asserts", "Demo_Asserts\Demo_Asserts.csproj", "{80C3DCA8-262E-4257-B751-97B5C59972F0}"
EndProject
Project("{FAE04EC0-301F-11D3-BF4B-00C04F79EFBC}") = "Demo_Asserts.Tests", "Demo_Asserts.Tests\Demo_Asserts.Tests.csproj", "{36B3C3BD-B903-432F-9837-D24EE7307F02}"
EndProject
Global
	GlobalSection(SolutionConfigurationPlatforms) = preSolution
		Debug|Any CPU = Debug|Any CPU
		Release|Any CPU = Release|Any CPU
	EndGlobalSection
	GlobalSection(ProjectConfigurationPlatforms) = postSolution
		{80C3DCA8-262E-4257-B751-97B5C59972F0}.Debug|Any CPU.ActiveCfg = Debug|Any CPU
		{80C3DCA8-262E-4257-B751-97B5C59972F0}.Debug|Any CPU.Build.0 = Debug|Any CPU
		{80C3DCA8-262E-4257-B751-97B5C59972F0}.Release|Any CPU.ActiveCfg = Release|Any CPU
		{80C3DCA8-262E-4257-B751-97B5C59972F0}.Release|Any CPU.Build.0 = Release|Any CPU
		{36B3C3BD-B903-432F-9837-D24EE7307F02}.Debug|Any CPU.ActiveCfg = Debug|Any CPU
		{36B3C3BD-B903-432F-9837-D24EE7307F02}.Debug|Any CPU.Build.0 = Debug|Any CPU
		{36B3C3BD-B903-432F-9837-D24EE7307F02}.Release|Any CPU.ActiveCfg = Release|Any CPU
		{36B3C3BD-B903-432F-9837-D24EE7307F02}.Release|Any CPU.Build.0 = Release|Any CPU
	EndGlobalSection
	GlobalSection(SolutionProperties) = preSolution
		HideSolutionNode = FALSE
	EndGlobalSection
	GlobalSection(ExtensibilityGlobals) = postSolution
		SolutionGuid = {963C2757-312E-4C1C-8FC9-EB901D5EBDB0}
	EndGlobalSection
EndGlobal
